
Microsoft Visual Studio Solution File, Format Version 12.00
# Visual Studio Version 16
VisualStudioVersion = 16.0.29905.134
MinimumVisualStudioVersion = 10.0.40219.1
Project("{FAE04EC0-301F-11D3-BF4B-00C04F79EFBC}") = "CG", "CG.csproj", "{4BC259C1-0E8F-47DA-A8E9-B6782DC27D4B}"
EndProject
Project("{2150E333-8FDC-42A3-9474-1A3956D46DE8}") = "Solution Items", "Solution Items", "{780623AF-F352-42E6-AB0E-C65A5DD80BD9}"
	ProjectSection(SolutionItems) = preProject
		.editorconfig = .editorconfig
	EndProjectSection
EndProject
Global
	GlobalSection(SolutionConfigurationPlatforms) = preSolution
		Debug|Any CPU = Debug|Any CPU
		Release|Any CPU = Release|Any CPU
	EndGlobalSection
	GlobalSection(ProjectConfigurationPlatforms) = postSolution
		{4BC259C1-0E8F-47DA-A8E9-B6782DC27D4B}.Debug|Any CPU.ActiveCfg = Debug|Any CPU
		{4BC259C1-0E8F-47DA-A8E9-B6782DC27D4B}.Debug|Any CPU.Build.0 = Debug|Any CPU
		{4BC259C1-0E8F-47DA-A8E9-B6782DC27D4B}.Release|Any CPU.ActiveCfg = Release|Any CPU
		{4BC259C1-0E8F-47DA-A8E9-B6782DC27D4B}.Release|Any CPU.Build.0 = Release|Any CPU
	EndGlobalSection
	GlobalSection(SolutionProperties) = preSolution
		HideSolutionNode = FALSE
	EndGlobalSection
	GlobalSection(ExtensibilityGlobals) = postSolution
		SolutionGuid = {38118E57-94F5-477F-A336-0F52D71E2F87}
	EndGlobalSection
EndGlobal
